
Microsoft Visual Studio Solution File, Format Version 12.00
# Visual Studio Version 16
VisualStudioVersion = 16.0.31624.102
MinimumVisualStudioVersion = 10.0.40219.1
Project("{FAE04EC0-301F-11D3-BF4B-00C04F79EFBC}") = "StaticExercise1", "StaticExercise1\StaticExercise1.csproj", "{247E76D4-3C88-4FBC-91B3-25C62691FE7A}"
EndProject
Global
	GlobalSection(SolutionConfigurationPlatforms) = preSolution
		Debug|Any CPU = Debug|Any CPU
		Release|Any CPU = Release|Any CPU
	EndGlobalSection
	GlobalSection(ProjectConfigurationPlatforms) = postSolution
		{247E76D4-3C88-4FBC-91B3-25C62691FE7A}.Debug|Any CPU.ActiveCfg = Debug|Any CPU
		{247E76D4-3C88-4FBC-91B3-25C62691FE7A}.Debug|Any CPU.Build.0 = Debug|Any CPU
		{247E76D4-3C88-4FBC-91B3-25C62691FE7A}.Release|Any CPU.ActiveCfg = Release|Any CPU
		{247E76D4-3C88-4FBC-91B3-25C62691FE7A}.Release|Any CPU.Build.0 = Release|Any CPU
	EndGlobalSection
	GlobalSection(SolutionProperties) = preSolution
		HideSolutionNode = FALSE
	EndGlobalSection
	GlobalSection(ExtensibilityGlobals) = postSolution
		SolutionGuid = {2486FDB1-5AB0-4F98-A3FE-13C186A819D4}
	EndGlobalSection
EndGlobal
